// !$*UTF8*$!
{
	archiveVersion = 1;
	classes = {
	};
	objectVersion = 50;
	objects = {

/* Begin PBXBuildFile section */
		15E865772265352E00F59AC0 /* AppDelegate.swift in Sources */ = {isa = PBXBuildFile; fileRef = 15E865762265352E00F59AC0 /* AppDelegate.swift */; };
		15E865792265352E00F59AC0 /* ViewController.swift in Sources */ = {isa = PBXBuildFile; fileRef = 15E865782265352E00F59AC0 /* ViewController.swift */; };
		15E8657C2265352E00F59AC0 /* Main.storyboard in Resources */ = {isa = PBXBuildFile; fileRef = 15E8657A2265352E00F59AC0 /* Main.storyboard */; };
		15E8657E2265352F00F59AC0 /* Assets.xcassets in Resources */ = {isa = PBXBuildFile; fileRef = 15E8657D2265352F00F59AC0 /* Assets.xcassets */; };
		15E865812265352F00F59AC0 /* LaunchScreen.storyboard in Resources */ = {isa = PBXBuildFile; fileRef = 15E8657F2265352F00F59AC0 /* LaunchScreen.storyboard */; };
		15E8658922654E4600F59AC0 /* DetailViewController.swift in Sources */ = {isa = PBXBuildFile; fileRef = 15E8658822654E4600F59AC0 /* DetailViewController.swift */; };
		15E8658C2265565100F59AC0 /* estonia.png in Resources */ = {isa = PBXBuildFile; fileRef = 15E8658B2265565100F59AC0 /* estonia.png */; };
		15E8658E2265566B00F59AC0 /* ireland.png in Resources */ = {isa = PBXBuildFile; fileRef = 15E8658D2265566B00F59AC0 /* ireland.png */; };
		15E86590226557D200F59AC0 /* france.png in Resources */ = {isa = PBXBuildFile; fileRef = 15E8658F226557D200F59AC0 /* france.png */; };
		15E86592226557E000F59AC0 /* germany.png in Resources */ = {isa = PBXBuildFile; fileRef = 15E86591226557E000F59AC0 /* germany.png */; };
		15E86594226557EC00F59AC0 /* italy.png in Resources */ = {isa = PBXBuildFile; fileRef = 15E86593226557EC00F59AC0 /* italy.png */; };
		15E86596226557F500F59AC0 /* monaco.png in Resources */ = {isa = PBXBuildFile; fileRef = 15E86595226557F500F59AC0 /* monaco.png */; };
		15E865A12265581000F59AC0 /* poland.png in Resources */ = {isa = PBXBuildFile; fileRef = 15E865A02265581000F59AC0 /* poland.png */; };
		15E865A32265581E00F59AC0 /* nigeria.png in Resources */ = {isa = PBXBuildFile; fileRef = 15E865A22265581E00F59AC0 /* nigeria.png */; };
		15E865A52265582700F59AC0 /* russia.png in Resources */ = {isa = PBXBuildFile; fileRef = 15E865A42265582700F59AC0 /* russia.png */; };
		15E865A72265583000F59AC0 /* spain.png in Resources */ = {isa = PBXBuildFile; fileRef = 15E865A62265583000F59AC0 /* spain.png */; };
		15E865A92265583600F59AC0 /* uk.png in Resources */ = {isa = PBXBuildFile; fileRef = 15E865A82265583600F59AC0 /* uk.png */; };
		15E865AB2265584300F59AC0 /* us.png in Resources */ = {isa = PBXBuildFile; fileRef = 15E865AA2265584300F59AC0 /* us.png */; };
/* End PBXBuildFile section */

/* Begin PBXFileReference section */
		15E865732265352E00F59AC0 /* Flags.app */ = {isa = PBXFileReference; explicitFileType = wrapper.application; includeInIndex = 0; path = Flags.app; sourceTree = BUILT_PRODUCTS_DIR; };
		15E865762265352E00F59AC0 /* AppDelegate.swift */ = {isa = PBXFileReference; lastKnownFileType = sourcecode.swift; path = AppDelegate.swift; sourceTree = "<group>"; };
		15E865782265352E00F59AC0 /* ViewController.swift */ = {isa = PBXFileReference; lastKnownFileType = sourcecode.swift; path = ViewController.swift; sourceTree = "<group>"; };
		15E8657B2265352E00F59AC0 /* Base */ = {isa = PBXFileReference; lastKnownFileType = file.storyboard; name = Base; path = Base.lproj/Main.storyboard; sourceTree = "<group>"; };
		15E8657D2265352F00F59AC0 /* Assets.xcassets */ = {isa = PBXFileReference; lastKnownFileType = folder.assetcatalog; path = Assets.xcassets; sourceTree = "<group>"; };
		15E865802265352F00F59AC0 /* Base */ = {isa = PBXFileReference; lastKnownFileType = file.storyboard; name = Base; path = Base.lproj/LaunchScreen.storyboard; sourceTree = "<group>"; };
		15E865822265352F00F59AC0 /* Info.plist */ = {isa = PBXFileReference; lastKnownFileType = text.plist.xml; path = Info.plist; sourceTree = "<group>"; };
		15E8658822654E4600F59AC0 /* DetailViewController.swift */ = {isa = PBXFileReference; lastKnownFileType = sourcecode.swift; path = DetailViewController.swift; sourceTree = "<group>"; };
		15E8658B2265565100F59AC0 /* estonia.png */ = {isa = PBXFileReference; lastKnownFileType = image.png; path = estonia.png; sourceTree = "<group>"; };
		15E8658D2265566B00F59AC0 /* ireland.png */ = {isa = PBXFileReference; lastKnownFileType = image.png; path = ireland.png; sourceTree = "<group>"; };
		15E8658F226557D200F59AC0 /* france.png */ = {isa = PBXFileReference; lastKnownFileType = image.png; path = france.png; sourceTree = "<group>"; };
		15E86591226557E000F59AC0 /* germany.png */ = {isa = PBXFileReference; lastKnownFileType = image.png; path = germany.png; sourceTree = "<group>"; };
		15E86593226557EC00F59AC0 /* italy.png */ = {isa = PBXFileReference; lastKnownFileType = image.png; path = italy.png; sourceTree = "<group>"; };
		15E86595226557F500F59AC0 /* monaco.png */ = {isa = PBXFileReference; lastKnownFileType = image.png; path = monaco.png; sourceTree = "<group>"; };
		15E865A02265581000F59AC0 /* poland.png */ = {isa = PBXFileReference; lastKnownFileType = image.png; path = poland.png; sourceTree = "<group>"; };
		15E865A22265581E00F59AC0 /* nigeria.png */ = {isa = PBXFileReference; lastKnownFileType = image.png; path = nigeria.png; sourceTree = "<group>"; };
		15E865A42265582700F59AC0 /* russia.png */ = {isa = PBXFileReference; lastKnownFileType = image.png; path = russia.png; sourceTree = "<group>"; };
		15E865A62265583000F59AC0 /* spain.png */ = {isa = PBXFileReference; lastKnownFileType = image.png; path = spain.png; sourceTree = "<group>"; };
		15E865A82265583600F59AC0 /* uk.png */ = {isa = PBXFileReference; lastKnownFileType = image.png; path = uk.png; sourceTree = "<group>"; };
		15E865AA2265584300F59AC0 /* us.png */ = {isa = PBXFileReference; lastKnownFileType = image.png; path = us.png; sourceTree = "<group>"; };
/* End PBXFileReference section */

/* Begin PBXFrameworksBuildPhase section */
		15E865702265352E00F59AC0 /* Frameworks */ = {
			isa = PBXFrameworksBuildPhase;
			buildActionMask = 2147483647;
			files = (
			);
			runOnlyForDeploymentPostprocessing = 0;
		};
/* End PBXFrameworksBuildPhase section */

/* Begin PBXGroup section */
		15E8656A2265352E00F59AC0 = {
			isa = PBXGroup;
			children = (
				15E865752265352E00F59AC0 /* Flags */,
				15E865742265352E00F59AC0 /* Products */,
			);
			sourceTree = "<group>";
		};
		15E865742265352E00F59AC0 /* Products */ = {
			isa = PBXGroup;
			children = (
				15E865732265352E00F59AC0 /* Flags.app */,
			);
			name = Products;
			sourceTree = "<group>";
		};
		15E865752265352E00F59AC0 /* Flags */ = {
			isa = PBXGroup;
			children = (
				15E865762265352E00F59AC0 /* AppDelegate.swift */,
				15E865782265352E00F59AC0 /* ViewController.swift */,
				15E8658822654E4600F59AC0 /* DetailViewController.swift */,
				15E8657A2265352E00F59AC0 /* Main.storyboard */,
				15E8657D2265352F00F59AC0 /* Assets.xcassets */,
				15E8657F2265352F00F59AC0 /* LaunchScreen.storyboard */,
				15E865822265352F00F59AC0 /* Info.plist */,
				15E8658A2265562800F59AC0 /* Contents */,
			);
			path = Flags;
			sourceTree = "<group>";
		};
		15E8658A2265562800F59AC0 /* Contents */ = {
			isa = PBXGroup;
			children = (
				15E8658B2265565100F59AC0 /* estonia.png */,
				15E8658F226557D200F59AC0 /* france.png */,
				15E86591226557E000F59AC0 /* germany.png */,
				15E8658D2265566B00F59AC0 /* ireland.png */,
				15E86593226557EC00F59AC0 /* italy.png */,
				15E86595226557F500F59AC0 /* monaco.png */,
				15E865A22265581E00F59AC0 /* nigeria.png */,
				15E865A02265581000F59AC0 /* poland.png */,
				15E865A42265582700F59AC0 /* russia.png */,
				15E865A62265583000F59AC0 /* spain.png */,
				15E865A82265583600F59AC0 /* uk.png */,
				15E865AA2265584300F59AC0 /* us.png */,
			);
			path = Contents;
			sourceTree = "<group>";
		};
/* End PBXGroup section */

/* Begin PBXNativeTarget section */
		15E865722265352E00F59AC0 /* Flags */ = {
			isa = PBXNativeTarget;
			buildConfigurationList = 15E865852265352F00F59AC0 /* Build configuration list for PBXNativeTarget "Flags" */;
			buildPhases = (
				15E8656F2265352E00F59AC0 /* Sources */,
				15E865702265352E00F59AC0 /* Frameworks */,
				15E865712265352E00F59AC0 /* Resources */,
			);
			buildRules = (
			);
			dependencies = (
			);
			name = Flags;
			productName = Flags;
			productReference = 15E865732265352E00F59AC0 /* Flags.app */;
			productType = "com.apple.product-type.application";
		};
/* End PBXNativeTarget section */

/* Begin PBXProject section */
		15E8656B2265352E00F59AC0 /* Project object */ = {
			isa = PBXProject;
			attributes = {
				LastSwiftUpdateCheck = 1020;
				LastUpgradeCheck = 1020;
				ORGANIZATIONNAME = Malvernation;
				TargetAttributes = {
					15E865722265352E00F59AC0 = {
						CreatedOnToolsVersion = 10.2;
					};
				};
			};
			buildConfigurationList = 15E8656E2265352E00F59AC0 /* Build configuration list for PBXProject "Flags" */;
			compatibilityVersion = "Xcode 9.3";
			developmentRegion = en;
			hasScannedForEncodings = 0;
			knownRegions = (
				en,
				Base,
			);
			mainGroup = 15E8656A2265352E00F59AC0;
			productRefGroup = 15E865742265352E00F59AC0 /* Products */;
			projectDirPath = "";
			projectRoot = "";
			targets = (
				15E865722265352E00F59AC0 /* Flags */,
			);
		};
/* End PBXProject section */

/* Begin PBXResourcesBuildPhase section */
		15E865712265352E00F59AC0 /* Resources */ = {
			isa = PBXResourcesBuildPhase;
			buildActionMask = 2147483647;
			files = (
				15E865AB2265584300F59AC0 /* us.png in Resources */,
				15E86590226557D200F59AC0 /* france.png in Resources */,
				15E865A92265583600F59AC0 /* uk.png in Resources */,
				15E86592226557E000F59AC0 /* germany.png in Resources */,
				15E865812265352F00F59AC0 /* LaunchScreen.storyboard in Resources */,
				15E8658E2265566B00F59AC0 /* ireland.png in Resources */,
				15E8658C2265565100F59AC0 /* estonia.png in Resources */,
				15E86596226557F500F59AC0 /* monaco.png in Resources */,
				15E8657E2265352F00F59AC0 /* Assets.xcassets in Resources */,
				15E8657C2265352E00F59AC0 /* Main.storyboard in Resources */,
				15E865A52265582700F59AC0 /* russia.png in Resources */,
				15E86594226557EC00F59AC0 /* italy.png in Resources */,
				15E865A72265583000F59AC0 /* spain.png in Resources */,
				15E865A12265581000F59AC0 /* poland.png in Resources */,
				15E865A32265581E00F59AC0 /* nigeria.png in Resources */,
			);
			runOnlyForDeploymentPostprocessing = 0;
		};
/* End PBXResourcesBuildPhase section */

/* Begin PBXSourcesBuildPhase section */
		15E8656F2265352E00F59AC0 /* Sources */ = {
			isa = PBXSourcesBuildPhase;
			buildActionMask = 2147483647;
			files = (
				15E8658922654E4600F59AC0 /* DetailViewController.swift in Sources */,
				15E865792265352E00F59AC0 /* ViewController.swift in Sources */,
				15E865772265352E00F59AC0 /* AppDelegate.swift in Sources */,
			);
			runOnlyForDeploymentPostprocessing = 0;
		};
/* End PBXSourcesBuildPhase section */

/* Begin PBXVariantGroup section */
		15E8657A2265352E00F59AC0 /* Main.storyboard */ = {
			isa = PBXVariantGroup;
			children = (
				15E8657B2265352E00F59AC0 /* Base */,
			);
			name = Main.storyboard;
			sourceTree = "<group>";
		};
		15E8657F2265352F00F59AC0 /* LaunchScreen.storyboard */ = {
			isa = PBXVariantGroup;
			children = (
				15E865802265352F00F59AC0 /* Base */,
			);
			name = LaunchScreen.storyboard;
			sourceTree = "<group>";
		};
/* End PBXVariantGroup section */

/* Begin XCBuildConfiguration section */
		15E865832265352F00F59AC0 /* Debug */ = {
			isa = XCBuildConfiguration;
			buildSettings = {
				ALWAYS_SEARCH_USER_PATHS = NO;
				CLANG_ANALYZER_NONNULL = YES;
				CLANG_ANALYZER_NUMBER_OBJECT_CONVERSION = YES_AGGRESSIVE;
				CLANG_CXX_LANGUAGE_STANDARD = "gnu++14";
				CLANG_CXX_LIBRARY = "libc++";
				CLANG_ENABLE_MODULES = YES;
				CLANG_ENABLE_OBJC_ARC = YES;
				CLANG_ENABLE_OBJC_WEAK = YES;
				CLANG_WARN_BLOCK_CAPTURE_AUTORELEASING = YES;
				CLANG_WARN_BOOL_CONVERSION = YES;
				CLANG_WARN_COMMA = YES;
				CLANG_WARN_CONSTANT_CONVERSION = YES;
				CLANG_WARN_DEPRECATED_OBJC_IMPLEMENTATIONS = YES;
				CLANG_WARN_DIRECT_OBJC_ISA_USAGE = YES_ERROR;
				CLANG_WARN_DOCUMENTATION_COMMENTS = YES;
				CLANG_WARN_EMPTY_BODY = YES;
				CLANG_WARN_ENUM_CONVERSION = YES;
				CLANG_WARN_INFINITE_RECURSION = YES;
				CLANG_WARN_INT_CONVERSION = YES;
				CLANG_WARN_NON_LITERAL_NULL_CONVERSION = YES;
				CLANG_WARN_OBJC_IMPLICIT_RETAIN_SELF = YES;
				CLANG_WARN_OBJC_LITERAL_CONVERSION = YES;
				CLANG_WARN_OBJC_ROOT_CLASS = YES_ERROR;
				CLANG_WARN_RANGE_LOOP_ANALYSIS = YES;
				CLANG_WARN_STRICT_PROTOTYPES = YES;
				CLANG_WARN_SUSPICIOUS_MOVE = YES;
				CLANG_WARN_UNGUARDED_AVAILABILITY = YES_AGGRESSIVE;
				CLANG_WARN_UNREACHABLE_CODE = YES;
				CLANG_WARN__DUPLICATE_METHOD_MATCH = YES;
				CODE_SIGN_IDENTITY = "iPhone Developer";
				COPY_PHASE_STRIP = NO;
				DEBUG_INFORMATION_FORMAT = dwarf;
				ENABLE_STRICT_OBJC_MSGSEND = YES;
				ENABLE_TESTABILITY = YES;
				GCC_C_LANGUAGE_STANDARD = gnu11;
				GCC_DYNAMIC_NO_PIC = NO;
				GCC_NO_COMMON_BLOCKS = YES;
				GCC_OPTIMIZATION_LEVEL = 0;
				GCC_PREPROCESSOR_DEFINITIONS = (
					"DEBUG=1",
					"$(inherited)",
				);
				GCC_WARN_64_TO_32_BIT_CONVERSION = YES;
				GCC_WARN_ABOUT_RETURN_TYPE = YES_ERROR;
				GCC_WARN_UNDECLARED_SELECTOR = YES;
				GCC_WARN_UNINITIALIZED_AUTOS = YES_AGGRESSIVE;
				GCC_WARN_UNUSED_FUNCTION = YES;
				GCC_WARN_UNUSED_VARIABLE = YES;
				IPHONEOS_DEPLOYMENT_TARGET = 12.2;
				MTL_ENABLE_DEBUG_INFO = INCLUDE_SOURCE;
				MTL_FAST_MATH = YES;
				ONLY_ACTIVE_ARCH = YES;
				SDKROOT = iphoneos;
				SWIFT_ACTIVE_COMPILATION_CONDITIONS = DEBUG;
				SWIFT_OPTIMIZATION_LEVEL = "-Onone";
			};
			name = Debug;
		};
		15E865842265352F00F59AC0 /* Release */ = {
			isa = XCBuildConfiguration;
			buildSettings = {
				ALWAYS_SEARCH_USER_PATHS = NO;
				CLANG_ANALYZER_NONNULL = YES;
				CLANG_ANALYZER_NUMBER_OBJECT_CONVERSION = YES_AGGRESSIVE;
				CLANG_CXX_LANGUAGE_STANDARD = "gnu++14";
				CLANG_CXX_LIBRARY = "libc++";
				CLANG_ENABLE_MODULES = YES;
				CLANG_ENABLE_OBJC_ARC = YES;
				CLANG_ENABLE_OBJC_WEAK = YES;
				CLANG_WARN_BLOCK_CAPTURE_AUTORELEASING = YES;
				CLANG_WARN_BOOL_CONVERSION = YES;
				CLANG_WARN_COMMA = YES;
				CLANG_WARN_CONSTANT_CONVERSION = YES;
				CLANG_WARN_DEPRECATED_OBJC_IMPLEMENTATIONS = YES;
				CLANG_WARN_DIRECT_OBJC_ISA_USAGE = YES_ERROR;
				CLANG_WARN_DOCUMENTATION_COMMENTS = YES;
				CLANG_WARN_EMPTY_BODY = YES;
				CLANG_WARN_ENUM_CONVERSION = YES;
				CLANG_WARN_INFINITE_RECURSION = YES;
				CLANG_WARN_INT_CONVERSION = YES;
				CLANG_WARN_NON_LITERAL_NULL_CONVERSION = YES;
				CLANG_WARN_OBJC_IMPLICIT_RETAIN_SELF = YES;
				CLANG_WARN_OBJC_LITERAL_CONVERSION = YES;
				CLANG_WARN_OBJC_ROOT_CLASS = YES_ERROR;
				CLANG_WARN_RANGE_LOOP_ANALYSIS = YES;
				CLANG_WARN_STRICT_PROTOTYPES = YES;
				CLANG_WARN_SUSPICIOUS_MOVE = YES;
				CLANG_WARN_UNGUARDED_AVAILABILITY = YES_AGGRESSIVE;
				CLANG_WARN_UNREACHABLE_CODE = YES;
				CLANG_WARN__DUPLICATE_METHOD_MATCH = YES;
				CODE_SIGN_IDENTITY = "iPhone Developer";
				COPY_PHASE_STRIP = NO;
				DEBUG_INFORMATION_FORMAT = "dwarf-with-dsym";
				ENABLE_NS_ASSERTIONS = NO;
				ENABLE_STRICT_OBJC_MSGSEND = YES;
				GCC_C_LANGUAGE_STANDARD = gnu11;
				GCC_NO_COMMON_BLOCKS = YES;
				GCC_WARN_64_TO_32_BIT_CONVERSION = YES;
				GCC_WARN_ABOUT_RETURN_TYPE = YES_ERROR;
				GCC_WARN_UNDECLARED_SELECTOR = YES;
				GCC_WARN_UNINITIALIZED_AUTOS = YES_AGGRESSIVE;
				GCC_WARN_UNUSED_FUNCTION = YES;
				GCC_WARN_UNUSED_VARIABLE = YES;
				IPHONEOS_DEPLOYMENT_TARGET = 12.2;
				MTL_ENABLE_DEBUG_INFO = NO;
				MTL_FAST_MATH = YES;
				SDKROOT = iphoneos;
				SWIFT_COMPILATION_MODE = wholemodule;
				SWIFT_OPTIMIZATION_LEVEL = "-O";
				VALIDATE_PRODUCT = YES;
			};
			name = Release;
		};
		15E865862265352F00F59AC0 /* Debug */ = {
			isa = XCBuildConfiguration;
			buildSettings = {
				ASSETCATALOG_COMPILER_APPICON_NAME = AppIcon;
				CODE_SIGN_STYLE = Automatic;
				DEVELOPMENT_TEAM = 5U3CELWLVV;
				INFOPLIST_FILE = Flags/Info.plist;
				LD_RUNPATH_SEARCH_PATHS = (
					"$(inherited)",
					"@executable_path/Frameworks",
				);
				PRODUCT_BUNDLE_IDENTIFIER = com.malvernation.Flags;
				PRODUCT_NAME = "$(TARGET_NAME)";
				SWIFT_VERSION = 5.0;
				TARGETED_DEVICE_FAMILY = "1,2";
			};
			name = Debug;
		};
		15E865872265352F00F59AC0 /* Release */ = {
			isa = XCBuildConfiguration;
			buildSettings = {
				ASSETCATALOG_COMPILER_APPICON_NAME = AppIcon;
				CODE_SIGN_STYLE = Automatic;
				DEVELOPMENT_TEAM = 5U3CELWLVV;
				INFOPLIST_FILE = Flags/Info.plist;
				LD_RUNPATH_SEARCH_PATHS = (
					"$(inherited)",
					"@executable_path/Frameworks",
				);
				PRODUCT_BUNDLE_IDENTIFIER = com.malvernation.Flags;
				PRODUCT_NAME = "$(TARGET_NAME)";
				SWIFT_VERSION = 5.0;
				TARGETED_DEVICE_FAMILY = "1,2";
			};
			name = Release;
		};
/* End XCBuildConfiguration section */

/* Begin XCConfigurationList section */
		15E8656E2265352E00F59AC0 /* Build configuration list for PBXProject "Flags" */ = {
			isa = XCConfigurationList;
			buildConfigurations = (
				15E865832265352F00F59AC0 /* Debug */,
				15E865842265352F00F59AC0 /* Release */,
			);
			defaultConfigurationIsVisible = 0;
			defaultConfigurationName = Release;
		};
		15E865852265352F00F59AC0 /* Build configuration list for PBXNativeTarget "Flags" */ = {
			isa = XCConfigurationList;
			buildConfigurations = (
				15E865862265352F00F59AC0 /* Debug */,
				15E865872265352F00F59AC0 /* Release */,
			);
			defaultConfigurationIsVisible = 0;
			defaultConfigurationName = Release;
		};
/* End XCConfigurationList section */
	};
	rootObject = 15E8656B2265352E00F59AC0 /* Project object */;
}
